// !$*UTF8*$!
{
	archiveVersion = 1;
	classes = {
	};
	objectVersion = 51;
	objects = {

/* Begin PBXBuildFile section */
		774CF6E4FD37BA6B1C6814F1 /* Pods_HLTH.framework in Frameworks */ = {isa = PBXBuildFile; fileRef = 1A438CBFB503817030919D4F /* Pods_HLTH.framework */; };
		9C86CE5F2364FAE20052EEEE /* AppDelegate.swift in Sources */ = {isa = PBXBuildFile; fileRef = 9C86CE5E2364FAE20052EEEE /* AppDelegate.swift */; };
		9C86CE632364FAE20052EEEE /* LaunchViewController.swift in Sources */ = {isa = PBXBuildFile; fileRef = 9C86CE622364FAE20052EEEE /* LaunchViewController.swift */; };
		9C86CE662364FAE20052EEEE /* Main.storyboard in Resources */ = {isa = PBXBuildFile; fileRef = 9C86CE642364FAE20052EEEE /* Main.storyboard */; };
		9C86CE692364FAE20052EEEE /* HLTH.xcdatamodeld in Sources */ = {isa = PBXBuildFile; fileRef = 9C86CE672364FAE20052EEEE /* HLTH.xcdatamodeld */; };
		9C86CE6B2364FAE60052EEEE /* Assets.xcassets in Resources */ = {isa = PBXBuildFile; fileRef = 9C86CE6A2364FAE60052EEEE /* Assets.xcassets */; };
		9C86CE6E2364FAE60052EEEE /* LaunchScreen.storyboard in Resources */ = {isa = PBXBuildFile; fileRef = 9C86CE6C2364FAE60052EEEE /* LaunchScreen.storyboard */; };
		9C86CE792364FAE60052EEEE /* HLTHTests.swift in Sources */ = {isa = PBXBuildFile; fileRef = 9C86CE782364FAE60052EEEE /* HLTHTests.swift */; };
		9C86CE842364FAE70052EEEE /* HLTHUITests.swift in Sources */ = {isa = PBXBuildFile; fileRef = 9C86CE832364FAE70052EEEE /* HLTHUITests.swift */; };
		9C86CE922365502A0052EEEE /* TabViewController.swift in Sources */ = {isa = PBXBuildFile; fileRef = 9C86CE912365502A0052EEEE /* TabViewController.swift */; };
		9C86CE942365513F0052EEEE /* Tab.storyboard in Resources */ = {isa = PBXBuildFile; fileRef = 9C86CE932365513F0052EEEE /* Tab.storyboard */; };
		9C86CE98236552950052EEEE /* Home.storyboard in Resources */ = {isa = PBXBuildFile; fileRef = 9C86CE97236552950052EEEE /* Home.storyboard */; };
		9C86CE9A236552BE0052EEEE /* HomeViewController.swift in Sources */ = {isa = PBXBuildFile; fileRef = 9C86CE99236552BE0052EEEE /* HomeViewController.swift */; };
		9C86CE9D23655AD10052EEEE /* MyHealthViewController.swift in Sources */ = {isa = PBXBuildFile; fileRef = 9C86CE9C23655AD10052EEEE /* MyHealthViewController.swift */; };
		9C86CE9F23655AF80052EEEE /* MyHealth.storyboard in Resources */ = {isa = PBXBuildFile; fileRef = 9C86CE9E23655AF80052EEEE /* MyHealth.storyboard */; };
		9C86CEE2236569620052EEEE /* Messages.storyboard in Resources */ = {isa = PBXBuildFile; fileRef = 9C86CEE1236569620052EEEE /* Messages.storyboard */; };
		9C86CEE42365696F0052EEEE /* MessagesViewController.swift in Sources */ = {isa = PBXBuildFile; fileRef = 9C86CEE32365696F0052EEEE /* MessagesViewController.swift */; };
		9C86CEE723656A0D0052EEEE /* CommunityViewController.swift in Sources */ = {isa = PBXBuildFile; fileRef = 9C86CEE623656A0D0052EEEE /* CommunityViewController.swift */; };
		9C86CEE923656A5C0052EEEE /* Community.storyboard in Resources */ = {isa = PBXBuildFile; fileRef = 9C86CEE823656A5C0052EEEE /* Community.storyboard */; };
		9C86CEEB2365701F0052EEEE /* SyncGlucoseView.swift in Sources */ = {isa = PBXBuildFile; fileRef = 9C86CEEA2365701F0052EEEE /* SyncGlucoseView.swift */; };
		9C86CEED2365704A0052EEEE /* SyncGlucoseView.xib in Resources */ = {isa = PBXBuildFile; fileRef = 9C86CEEC2365704A0052EEEE /* SyncGlucoseView.xib */; };
		9C86CEEF2365737E0052EEEE /* UIView+Extension.swift in Sources */ = {isa = PBXBuildFile; fileRef = 9C86CEEE2365737E0052EEEE /* UIView+Extension.swift */; };
		9C86CEF12365795F0052EEEE /* GlucoseAchievementView.swift in Sources */ = {isa = PBXBuildFile; fileRef = 9C86CEF02365795F0052EEEE /* GlucoseAchievementView.swift */; };
		9C86CEF32365798B0052EEEE /* GlucoseAchievementView.xib in Resources */ = {isa = PBXBuildFile; fileRef = 9C86CEF22365798B0052EEEE /* GlucoseAchievementView.xib */; };
		9C86CEF523657E6F0052EEEE /* Settings.storyboard in Resources */ = {isa = PBXBuildFile; fileRef = 9C86CEF423657E6E0052EEEE /* Settings.storyboard */; };
		9C86CEF723657E800052EEEE /* SettingsViewController.swift in Sources */ = {isa = PBXBuildFile; fileRef = 9C86CEF623657E800052EEEE /* SettingsViewController.swift */; };
/* End PBXBuildFile section */

/* Begin PBXContainerItemProxy section */
		9C86CE752364FAE60052EEEE /* PBXContainerItemProxy */ = {
			isa = PBXContainerItemProxy;
			containerPortal = 9C86CE532364FAE20052EEEE /* Project object */;
			proxyType = 1;
			remoteGlobalIDString = 9C86CE5A2364FAE20052EEEE;
			remoteInfo = HLTH;
		};
		9C86CE802364FAE70052EEEE /* PBXContainerItemProxy */ = {
			isa = PBXContainerItemProxy;
			containerPortal = 9C86CE532364FAE20052EEEE /* Project object */;
			proxyType = 1;
			remoteGlobalIDString = 9C86CE5A2364FAE20052EEEE;
			remoteInfo = HLTH;
		};
/* End PBXContainerItemProxy section */

/* Begin PBXFileReference section */
		1244563374D4783005049962 /* Pods-HLTH.debug.xcconfig */ = {isa = PBXFileReference; includeInIndex = 1; lastKnownFileType = text.xcconfig; name = "Pods-HLTH.debug.xcconfig"; path = "Target Support Files/Pods-HLTH/Pods-HLTH.debug.xcconfig"; sourceTree = "<group>"; };
		1A438CBFB503817030919D4F /* Pods_HLTH.framework */ = {isa = PBXFileReference; explicitFileType = wrapper.framework; includeInIndex = 0; path = Pods_HLTH.framework; sourceTree = BUILT_PRODUCTS_DIR; };
		9C86CE5B2364FAE20052EEEE /* HLTH.app */ = {isa = PBXFileReference; explicitFileType = wrapper.application; includeInIndex = 0; path = HLTH.app; sourceTree = BUILT_PRODUCTS_DIR; };
		9C86CE5E2364FAE20052EEEE /* AppDelegate.swift */ = {isa = PBXFileReference; lastKnownFileType = sourcecode.swift; path = AppDelegate.swift; sourceTree = "<group>"; };
		9C86CE622364FAE20052EEEE /* LaunchViewController.swift */ = {isa = PBXFileReference; lastKnownFileType = sourcecode.swift; path = LaunchViewController.swift; sourceTree = "<group>"; };
		9C86CE652364FAE20052EEEE /* Base */ = {isa = PBXFileReference; lastKnownFileType = file.storyboard; name = Base; path = Base.lproj/Main.storyboard; sourceTree = "<group>"; };
		9C86CE682364FAE20052EEEE /* HLTH.xcdatamodel */ = {isa = PBXFileReference; lastKnownFileType = wrapper.xcdatamodel; path = HLTH.xcdatamodel; sourceTree = "<group>"; };
		9C86CE6A2364FAE60052EEEE /* Assets.xcassets */ = {isa = PBXFileReference; lastKnownFileType = folder.assetcatalog; path = Assets.xcassets; sourceTree = "<group>"; };
		9C86CE6D2364FAE60052EEEE /* Base */ = {isa = PBXFileReference; lastKnownFileType = file.storyboard; name = Base; path = Base.lproj/LaunchScreen.storyboard; sourceTree = "<group>"; };
		9C86CE6F2364FAE60052EEEE /* Info.plist */ = {isa = PBXFileReference; lastKnownFileType = text.plist.xml; path = Info.plist; sourceTree = "<group>"; };
		9C86CE742364FAE60052EEEE /* HLTHTests.xctest */ = {isa = PBXFileReference; explicitFileType = wrapper.cfbundle; includeInIndex = 0; path = HLTHTests.xctest; sourceTree = BUILT_PRODUCTS_DIR; };
		9C86CE782364FAE60052EEEE /* HLTHTests.swift */ = {isa = PBXFileReference; lastKnownFileType = sourcecode.swift; path = HLTHTests.swift; sourceTree = "<group>"; };
		9C86CE7A2364FAE60052EEEE /* Info.plist */ = {isa = PBXFileReference; lastKnownFileType = text.plist.xml; path = Info.plist; sourceTree = "<group>"; };
		9C86CE7F2364FAE70052EEEE /* HLTHUITests.xctest */ = {isa = PBXFileReference; explicitFileType = wrapper.cfbundle; includeInIndex = 0; path = HLTHUITests.xctest; sourceTree = BUILT_PRODUCTS_DIR; };
		9C86CE832364FAE70052EEEE /* HLTHUITests.swift */ = {isa = PBXFileReference; lastKnownFileType = sourcecode.swift; path = HLTHUITests.swift; sourceTree = "<group>"; };
		9C86CE852364FAE70052EEEE /* Info.plist */ = {isa = PBXFileReference; lastKnownFileType = text.plist.xml; path = Info.plist; sourceTree = "<group>"; };
		9C86CE912365502A0052EEEE /* TabViewController.swift */ = {isa = PBXFileReference; lastKnownFileType = sourcecode.swift; path = TabViewController.swift; sourceTree = "<group>"; };
		9C86CE932365513F0052EEEE /* Tab.storyboard */ = {isa = PBXFileReference; lastKnownFileType = file.storyboard; path = Tab.storyboard; sourceTree = "<group>"; };
		9C86CE97236552950052EEEE /* Home.storyboard */ = {isa = PBXFileReference; lastKnownFileType = file.storyboard; path = Home.storyboard; sourceTree = "<group>"; };
		9C86CE99236552BE0052EEEE /* HomeViewController.swift */ = {isa = PBXFileReference; lastKnownFileType = sourcecode.swift; path = HomeViewController.swift; sourceTree = "<group>"; };
		9C86CE9C23655AD10052EEEE /* MyHealthViewController.swift */ = {isa = PBXFileReference; lastKnownFileType = sourcecode.swift; path = MyHealthViewController.swift; sourceTree = "<group>"; };
		9C86CE9E23655AF80052EEEE /* MyHealth.storyboard */ = {isa = PBXFileReference; lastKnownFileType = file.storyboard; path = MyHealth.storyboard; sourceTree = "<group>"; };
		9C86CEE1236569620052EEEE /* Messages.storyboard */ = {isa = PBXFileReference; lastKnownFileType = file.storyboard; path = Messages.storyboard; sourceTree = "<group>"; };
		9C86CEE32365696F0052EEEE /* MessagesViewController.swift */ = {isa = PBXFileReference; lastKnownFileType = sourcecode.swift; path = MessagesViewController.swift; sourceTree = "<group>"; };
		9C86CEE623656A0D0052EEEE /* CommunityViewController.swift */ = {isa = PBXFileReference; lastKnownFileType = sourcecode.swift; path = CommunityViewController.swift; sourceTree = "<group>"; };
		9C86CEE823656A5C0052EEEE /* Community.storyboard */ = {isa = PBXFileReference; lastKnownFileType = file.storyboard; path = Community.storyboard; sourceTree = "<group>"; };
		9C86CEEA2365701F0052EEEE /* SyncGlucoseView.swift */ = {isa = PBXFileReference; lastKnownFileType = sourcecode.swift; path = SyncGlucoseView.swift; sourceTree = "<group>"; };
		9C86CEEC2365704A0052EEEE /* SyncGlucoseView.xib */ = {isa = PBXFileReference; lastKnownFileType = file.xib; path = SyncGlucoseView.xib; sourceTree = "<group>"; };
		9C86CEEE2365737E0052EEEE /* UIView+Extension.swift */ = {isa = PBXFileReference; lastKnownFileType = sourcecode.swift; path = "UIView+Extension.swift"; sourceTree = "<group>"; };
		9C86CEF02365795F0052EEEE /* GlucoseAchievementView.swift */ = {isa = PBXFileReference; lastKnownFileType = sourcecode.swift; path = GlucoseAchievementView.swift; sourceTree = "<group>"; };
		9C86CEF22365798B0052EEEE /* GlucoseAchievementView.xib */ = {isa = PBXFileReference; lastKnownFileType = file.xib; path = GlucoseAchievementView.xib; sourceTree = "<group>"; };
		9C86CEF423657E6E0052EEEE /* Settings.storyboard */ = {isa = PBXFileReference; lastKnownFileType = file.storyboard; path = Settings.storyboard; sourceTree = "<group>"; };
		9C86CEF623657E800052EEEE /* SettingsViewController.swift */ = {isa = PBXFileReference; lastKnownFileType = sourcecode.swift; path = SettingsViewController.swift; sourceTree = "<group>"; };
		D6210942DD03506327F6BEDB /* Pods-HLTH.release.xcconfig */ = {isa = PBXFileReference; includeInIndex = 1; lastKnownFileType = text.xcconfig; name = "Pods-HLTH.release.xcconfig"; path = "Target Support Files/Pods-HLTH/Pods-HLTH.release.xcconfig"; sourceTree = "<group>"; };
/* End PBXFileReference section */

/* Begin PBXFrameworksBuildPhase section */
		9C86CE582364FAE20052EEEE /* Frameworks */ = {
			isa = PBXFrameworksBuildPhase;
			buildActionMask = 2147483647;
			files = (
				774CF6E4FD37BA6B1C6814F1 /* Pods_HLTH.framework in Frameworks */,
			);
			runOnlyForDeploymentPostprocessing = 0;
		};
		9C86CE712364FAE60052EEEE /* Frameworks */ = {
			isa = PBXFrameworksBuildPhase;
			buildActionMask = 2147483647;
			files = (
			);
			runOnlyForDeploymentPostprocessing = 0;
		};
		9C86CE7C2364FAE70052EEEE /* Frameworks */ = {
			isa = PBXFrameworksBuildPhase;
			buildActionMask = 2147483647;
			files = (
			);
			runOnlyForDeploymentPostprocessing = 0;
		};
/* End PBXFrameworksBuildPhase section */

/* Begin PBXGroup section */
		86522555D96B1F3CBA10EB28 /* Pods */ = {
			isa = PBXGroup;
			children = (
				1244563374D4783005049962 /* Pods-HLTH.debug.xcconfig */,
				D6210942DD03506327F6BEDB /* Pods-HLTH.release.xcconfig */,
			);
			path = Pods;
			sourceTree = "<group>";
		};
		9C86CE522364FAE20052EEEE = {
			isa = PBXGroup;
			children = (
				9C86CE5D2364FAE20052EEEE /* HLTH */,
				9C86CE772364FAE60052EEEE /* HLTHTests */,
				9C86CE822364FAE70052EEEE /* HLTHUITests */,
				9C86CE5C2364FAE20052EEEE /* Products */,
				86522555D96B1F3CBA10EB28 /* Pods */,
				CFABA62AEBA0DFF8382B9A23 /* Frameworks */,
			);
			sourceTree = "<group>";
		};
		9C86CE5C2364FAE20052EEEE /* Products */ = {
			isa = PBXGroup;
			children = (
				9C86CE5B2364FAE20052EEEE /* HLTH.app */,
				9C86CE742364FAE60052EEEE /* HLTHTests.xctest */,
				9C86CE7F2364FAE70052EEEE /* HLTHUITests.xctest */,
			);
			name = Products;
			sourceTree = "<group>";
		};
		9C86CE5D2364FAE20052EEEE /* HLTH */ = {
			isa = PBXGroup;
			children = (
				9C86CE5E2364FAE20052EEEE /* AppDelegate.swift */,
				9C86CE6A2364FAE60052EEEE /* Assets.xcassets */,
				9C86CEE5236569FC0052EEEE /* Community */,
				9C86CE672364FAE20052EEEE /* HLTH.xcdatamodeld */,
				9C86CE9B236552DC0052EEEE /* Home */,
				9C86CE6F2364FAE60052EEEE /* Info.plist */,
				9C86CE962365524F0052EEEE /* Launch */,
				9C86CE6C2364FAE60052EEEE /* LaunchScreen.storyboard */,
				9C86CEE0236569470052EEEE /* Messages */,
				9C86CEA023655B200052EEEE /* MyHealth */,
				9C86CEF823657E9E0052EEEE /* Settings */,
				9C86CE95236552470052EEEE /* Tab */,
				9C86CEEE2365737E0052EEEE /* UIView+Extension.swift */,
			);
			path = HLTH;
			sourceTree = "<group>";
		};
		9C86CE772364FAE60052EEEE /* HLTHTests */ = {
			isa = PBXGroup;
			children = (
				9C86CE782364FAE60052EEEE /* HLTHTests.swift */,
				9C86CE7A2364FAE60052EEEE /* Info.plist */,
			);
			path = HLTHTests;
			sourceTree = "<group>";
		};
		9C86CE822364FAE70052EEEE /* HLTHUITests */ = {
			isa = PBXGroup;
			children = (
				9C86CE832364FAE70052EEEE /* HLTHUITests.swift */,
				9C86CE852364FAE70052EEEE /* Info.plist */,
			);
			path = HLTHUITests;
			sourceTree = "<group>";
		};
		9C86CE95236552470052EEEE /* Tab */ = {
			isa = PBXGroup;
			children = (
				9C86CE932365513F0052EEEE /* Tab.storyboard */,
				9C86CE912365502A0052EEEE /* TabViewController.swift */,
			);
			path = Tab;
			sourceTree = "<group>";
		};
		9C86CE962365524F0052EEEE /* Launch */ = {
			isa = PBXGroup;
			children = (
				9C86CE622364FAE20052EEEE /* LaunchViewController.swift */,
				9C86CE642364FAE20052EEEE /* Main.storyboard */,
			);
			path = Launch;
			sourceTree = "<group>";
		};
		9C86CE9B236552DC0052EEEE /* Home */ = {
			isa = PBXGroup;
			children = (
				9C86CE97236552950052EEEE /* Home.storyboard */,
				9C86CE99236552BE0052EEEE /* HomeViewController.swift */,
				9C86CEEA2365701F0052EEEE /* SyncGlucoseView.swift */,
				9C86CEEC2365704A0052EEEE /* SyncGlucoseView.xib */,
				9C86CEF02365795F0052EEEE /* GlucoseAchievementView.swift */,
				9C86CEF22365798B0052EEEE /* GlucoseAchievementView.xib */,
			);
			path = Home;
			sourceTree = "<group>";
		};
		9C86CEA023655B200052EEEE /* MyHealth */ = {
			isa = PBXGroup;
			children = (
				9C86CE9E23655AF80052EEEE /* MyHealth.storyboard */,
				9C86CE9C23655AD10052EEEE /* MyHealthViewController.swift */,
			);
			path = MyHealth;
			sourceTree = "<group>";
		};
		9C86CEE0236569470052EEEE /* Messages */ = {
			isa = PBXGroup;
			children = (
				9C86CEE1236569620052EEEE /* Messages.storyboard */,
				9C86CEE32365696F0052EEEE /* MessagesViewController.swift */,
			);
			path = Messages;
			sourceTree = "<group>";
		};
		9C86CEE5236569FC0052EEEE /* Community */ = {
			isa = PBXGroup;
			children = (
				9C86CEE823656A5C0052EEEE /* Community.storyboard */,
				9C86CEE623656A0D0052EEEE /* CommunityViewController.swift */,
			);
			path = Community;
			sourceTree = "<group>";
		};
		9C86CEF823657E9E0052EEEE /* Settings */ = {
			isa = PBXGroup;
			children = (
				9C86CEF423657E6E0052EEEE /* Settings.storyboard */,
				9C86CEF623657E800052EEEE /* SettingsViewController.swift */,
			);
			path = Settings;
			sourceTree = "<group>";
		};
		CFABA62AEBA0DFF8382B9A23 /* Frameworks */ = {
			isa = PBXGroup;
			children = (
				1A438CBFB503817030919D4F /* Pods_HLTH.framework */,
			);
			name = Frameworks;
			sourceTree = "<group>";
		};
/* End PBXGroup section */

/* Begin PBXNativeTarget section */
		9C86CE5A2364FAE20052EEEE /* HLTH */ = {
			isa = PBXNativeTarget;
			buildConfigurationList = 9C86CE882364FAE70052EEEE /* Build configuration list for PBXNativeTarget "HLTH" */;
			buildPhases = (
				C968C634D06D1846285A6FBA /* [CP] Check Pods Manifest.lock */,
				9C86CE572364FAE20052EEEE /* Sources */,
				9C86CE582364FAE20052EEEE /* Frameworks */,
				9C86CE592364FAE20052EEEE /* Resources */,
				BBF9AA01D4E2D18FA85A5215 /* [CP] Embed Pods Frameworks */,
			);
			buildRules = (
			);
			dependencies = (
			);
			name = HLTH;
			productName = HLTH;
			productReference = 9C86CE5B2364FAE20052EEEE /* HLTH.app */;
			productType = "com.apple.product-type.application";
		};
		9C86CE732364FAE60052EEEE /* HLTHTests */ = {
			isa = PBXNativeTarget;
			buildConfigurationList = 9C86CE8B2364FAE70052EEEE /* Build configuration list for PBXNativeTarget "HLTHTests" */;
			buildPhases = (
				9C86CE702364FAE60052EEEE /* Sources */,
				9C86CE712364FAE60052EEEE /* Frameworks */,
				9C86CE722364FAE60052EEEE /* Resources */,
			);
			buildRules = (
			);
			dependencies = (
				9C86CE762364FAE60052EEEE /* PBXTargetDependency */,
			);
			name = HLTHTests;
			productName = HLTHTests;
			productReference = 9C86CE742364FAE60052EEEE /* HLTHTests.xctest */;
			productType = "com.apple.product-type.bundle.unit-test";
		};
		9C86CE7E2364FAE70052EEEE /* HLTHUITests */ = {
			isa = PBXNativeTarget;
			buildConfigurationList = 9C86CE8E2364FAE70052EEEE /* Build configuration list for PBXNativeTarget "HLTHUITests" */;
			buildPhases = (
				9C86CE7B2364FAE70052EEEE /* Sources */,
				9C86CE7C2364FAE70052EEEE /* Frameworks */,
				9C86CE7D2364FAE70052EEEE /* Resources */,
			);
			buildRules = (
			);
			dependencies = (
				9C86CE812364FAE70052EEEE /* PBXTargetDependency */,
			);
			name = HLTHUITests;
			productName = HLTHUITests;
			productReference = 9C86CE7F2364FAE70052EEEE /* HLTHUITests.xctest */;
			productType = "com.apple.product-type.bundle.ui-testing";
		};
/* End PBXNativeTarget section */

/* Begin PBXProject section */
		9C86CE532364FAE20052EEEE /* Project object */ = {
			isa = PBXProject;
			attributes = {
				LastSwiftUpdateCheck = 1110;
				LastUpgradeCheck = 1110;
				ORGANIZATIONNAME = "Karen Ho";
				TargetAttributes = {
					9C86CE5A2364FAE20052EEEE = {
						CreatedOnToolsVersion = 11.1;
					};
					9C86CE732364FAE60052EEEE = {
						CreatedOnToolsVersion = 11.1;
						TestTargetID = 9C86CE5A2364FAE20052EEEE;
					};
					9C86CE7E2364FAE70052EEEE = {
						CreatedOnToolsVersion = 11.1;
						TestTargetID = 9C86CE5A2364FAE20052EEEE;
					};
				};
			};
			buildConfigurationList = 9C86CE562364FAE20052EEEE /* Build configuration list for PBXProject "HLTH" */;
			compatibilityVersion = "Xcode 9.3";
			developmentRegion = en;
			hasScannedForEncodings = 0;
			knownRegions = (
				en,
				Base,
			);
			mainGroup = 9C86CE522364FAE20052EEEE;
			productRefGroup = 9C86CE5C2364FAE20052EEEE /* Products */;
			projectDirPath = "";
			projectRoot = "";
			targets = (
				9C86CE5A2364FAE20052EEEE /* HLTH */,
				9C86CE732364FAE60052EEEE /* HLTHTests */,
				9C86CE7E2364FAE70052EEEE /* HLTHUITests */,
			);
		};
/* End PBXProject section */

/* Begin PBXResourcesBuildPhase section */
		9C86CE592364FAE20052EEEE /* Resources */ = {
			isa = PBXResourcesBuildPhase;
			buildActionMask = 2147483647;
			files = (
				9C86CEE923656A5C0052EEEE /* Community.storyboard in Resources */,
				9C86CE942365513F0052EEEE /* Tab.storyboard in Resources */,
				9C86CEF523657E6F0052EEEE /* Settings.storyboard in Resources */,
				9C86CE98236552950052EEEE /* Home.storyboard in Resources */,
				9C86CE9F23655AF80052EEEE /* MyHealth.storyboard in Resources */,
				9C86CE6E2364FAE60052EEEE /* LaunchScreen.storyboard in Resources */,
				9C86CEE2236569620052EEEE /* Messages.storyboard in Resources */,
				9C86CE6B2364FAE60052EEEE /* Assets.xcassets in Resources */,
				9C86CEED2365704A0052EEEE /* SyncGlucoseView.xib in Resources */,
				9C86CEF32365798B0052EEEE /* GlucoseAchievementView.xib in Resources */,
				9C86CE662364FAE20052EEEE /* Main.storyboard in Resources */,
			);
			runOnlyForDeploymentPostprocessing = 0;
		};
		9C86CE722364FAE60052EEEE /* Resources */ = {
			isa = PBXResourcesBuildPhase;
			buildActionMask = 2147483647;
			files = (
			);
			runOnlyForDeploymentPostprocessing = 0;
		};
		9C86CE7D2364FAE70052EEEE /* Resources */ = {
			isa = PBXResourcesBuildPhase;
			buildActionMask = 2147483647;
			files = (
			);
			runOnlyForDeploymentPostprocessing = 0;
		};
/* End PBXResourcesBuildPhase section */

/* Begin PBXShellScriptBuildPhase section */
		BBF9AA01D4E2D18FA85A5215 /* [CP] Embed Pods Frameworks */ = {
			isa = PBXShellScriptBuildPhase;
			buildActionMask = 2147483647;
			files = (
			);
			inputFileListPaths = (
				"${PODS_ROOT}/Target Support Files/Pods-HLTH/Pods-HLTH-frameworks-${CONFIGURATION}-input-files.xcfilelist",
			);
			name = "[CP] Embed Pods Frameworks";
			outputFileListPaths = (
				"${PODS_ROOT}/Target Support Files/Pods-HLTH/Pods-HLTH-frameworks-${CONFIGURATION}-output-files.xcfilelist",
			);
			runOnlyForDeploymentPostprocessing = 0;
			shellPath = /bin/sh;
			shellScript = "\"${PODS_ROOT}/Target Support Files/Pods-HLTH/Pods-HLTH-frameworks.sh\"\n";
			showEnvVarsInLog = 0;
		};
		C968C634D06D1846285A6FBA /* [CP] Check Pods Manifest.lock */ = {
			isa = PBXShellScriptBuildPhase;
			buildActionMask = 2147483647;
			files = (
			);
			inputFileListPaths = (
			);
			inputPaths = (
				"${PODS_PODFILE_DIR_PATH}/Podfile.lock",
				"${PODS_ROOT}/Manifest.lock",
			);
			name = "[CP] Check Pods Manifest.lock";
			outputFileListPaths = (
			);
			outputPaths = (
				"$(DERIVED_FILE_DIR)/Pods-HLTH-checkManifestLockResult.txt",
			);
			runOnlyForDeploymentPostprocessing = 0;
			shellPath = /bin/sh;
			shellScript = "diff \"${PODS_PODFILE_DIR_PATH}/Podfile.lock\" \"${PODS_ROOT}/Manifest.lock\" > /dev/null\nif [ $? != 0 ] ; then\n    # print error to STDERR\n    echo \"error: The sandbox is not in sync with the Podfile.lock. Run 'pod install' or update your CocoaPods installation.\" >&2\n    exit 1\nfi\n# This output is used by Xcode 'outputs' to avoid re-running this script phase.\necho \"SUCCESS\" > \"${SCRIPT_OUTPUT_FILE_0}\"\n";
			showEnvVarsInLog = 0;
		};
/* End PBXShellScriptBuildPhase section */

/* Begin PBXSourcesBuildPhase section */
		9C86CE572364FAE20052EEEE /* Sources */ = {
			isa = PBXSourcesBuildPhase;
			buildActionMask = 2147483647;
			files = (
				9C86CEEB2365701F0052EEEE /* SyncGlucoseView.swift in Sources */,
				9C86CE632364FAE20052EEEE /* LaunchViewController.swift in Sources */,
				9C86CEE42365696F0052EEEE /* MessagesViewController.swift in Sources */,
				9C86CE692364FAE20052EEEE /* HLTH.xcdatamodeld in Sources */,
				9C86CE9D23655AD10052EEEE /* MyHealthViewController.swift in Sources */,
				9C86CEE723656A0D0052EEEE /* CommunityViewController.swift in Sources */,
				9C86CE5F2364FAE20052EEEE /* AppDelegate.swift in Sources */,
				9C86CEF12365795F0052EEEE /* GlucoseAchievementView.swift in Sources */,
				9C86CE922365502A0052EEEE /* TabViewController.swift in Sources */,
				9C86CEEF2365737E0052EEEE /* UIView+Extension.swift in Sources */,
				9C86CE9A236552BE0052EEEE /* HomeViewController.swift in Sources */,
				9C86CEF723657E800052EEEE /* SettingsViewController.swift in Sources */,
			);
			runOnlyForDeploymentPostprocessing = 0;
		};
		9C86CE702364FAE60052EEEE /* Sources */ = {
			isa = PBXSourcesBuildPhase;
			buildActionMask = 2147483647;
			files = (
				9C86CE792364FAE60052EEEE /* HLTHTests.swift in Sources */,
			);
			runOnlyForDeploymentPostprocessing = 0;
		};
		9C86CE7B2364FAE70052EEEE /* Sources */ = {
			isa = PBXSourcesBuildPhase;
			buildActionMask = 2147483647;
			files = (
				9C86CE842364FAE70052EEEE /* HLTHUITests.swift in Sources */,
			);
			runOnlyForDeploymentPostprocessing = 0;
		};
/* End PBXSourcesBuildPhase section */

/* Begin PBXTargetDependency section */
		9C86CE762364FAE60052EEEE /* PBXTargetDependency */ = {
			isa = PBXTargetDependency;
			target = 9C86CE5A2364FAE20052EEEE /* HLTH */;
			targetProxy = 9C86CE752364FAE60052EEEE /* PBXContainerItemProxy */;
		};
		9C86CE812364FAE70052EEEE /* PBXTargetDependency */ = {
			isa = PBXTargetDependency;
			target = 9C86CE5A2364FAE20052EEEE /* HLTH */;
			targetProxy = 9C86CE802364FAE70052EEEE /* PBXContainerItemProxy */;
		};
/* End PBXTargetDependency section */

/* Begin PBXVariantGroup section */
		9C86CE642364FAE20052EEEE /* Main.storyboard */ = {
			isa = PBXVariantGroup;
			children = (
				9C86CE652364FAE20052EEEE /* Base */,
			);
			name = Main.storyboard;
			sourceTree = "<group>";
		};
		9C86CE6C2364FAE60052EEEE /* LaunchScreen.storyboard */ = {
			isa = PBXVariantGroup;
			children = (
				9C86CE6D2364FAE60052EEEE /* Base */,
			);
			name = LaunchScreen.storyboard;
			sourceTree = "<group>";
		};
/* End PBXVariantGroup section */

/* Begin XCBuildConfiguration section */
		9C86CE862364FAE70052EEEE /* Debug */ = {
			isa = XCBuildConfiguration;
			buildSettings = {
				ALWAYS_SEARCH_USER_PATHS = NO;
				CLANG_ANALYZER_NONNULL = YES;
				CLANG_ANALYZER_NUMBER_OBJECT_CONVERSION = YES_AGGRESSIVE;
				CLANG_CXX_LANGUAGE_STANDARD = "gnu++14";
				CLANG_CXX_LIBRARY = "libc++";
				CLANG_ENABLE_MODULES = YES;
				CLANG_ENABLE_OBJC_ARC = YES;
				CLANG_ENABLE_OBJC_WEAK = YES;
				CLANG_WARN_BLOCK_CAPTURE_AUTORELEASING = YES;
				CLANG_WARN_BOOL_CONVERSION = YES;
				CLANG_WARN_COMMA = YES;
				CLANG_WARN_CONSTANT_CONVERSION = YES;
				CLANG_WARN_DEPRECATED_OBJC_IMPLEMENTATIONS = YES;
				CLANG_WARN_DIRECT_OBJC_ISA_USAGE = YES_ERROR;
				CLANG_WARN_DOCUMENTATION_COMMENTS = YES;
				CLANG_WARN_EMPTY_BODY = YES;
				CLANG_WARN_ENUM_CONVERSION = YES;
				CLANG_WARN_INFINITE_RECURSION = YES;
				CLANG_WARN_INT_CONVERSION = YES;
				CLANG_WARN_NON_LITERAL_NULL_CONVERSION = YES;
				CLANG_WARN_OBJC_IMPLICIT_RETAIN_SELF = YES;
				CLANG_WARN_OBJC_LITERAL_CONVERSION = YES;
				CLANG_WARN_OBJC_ROOT_CLASS = YES_ERROR;
				CLANG_WARN_RANGE_LOOP_ANALYSIS = YES;
				CLANG_WARN_STRICT_PROTOTYPES = YES;
				CLANG_WARN_SUSPICIOUS_MOVE = YES;
				CLANG_WARN_UNGUARDED_AVAILABILITY = YES_AGGRESSIVE;
				CLANG_WARN_UNREACHABLE_CODE = YES;
				CLANG_WARN__DUPLICATE_METHOD_MATCH = YES;
				COPY_PHASE_STRIP = NO;
				DEBUG_INFORMATION_FORMAT = dwarf;
				ENABLE_STRICT_OBJC_MSGSEND = YES;
				ENABLE_TESTABILITY = YES;
				GCC_C_LANGUAGE_STANDARD = gnu11;
				GCC_DYNAMIC_NO_PIC = NO;
				GCC_NO_COMMON_BLOCKS = YES;
				GCC_OPTIMIZATION_LEVEL = 0;
				GCC_PREPROCESSOR_DEFINITIONS = (
					"DEBUG=1",
					"$(inherited)",
				);
				GCC_WARN_64_TO_32_BIT_CONVERSION = YES;
				GCC_WARN_ABOUT_RETURN_TYPE = YES_ERROR;
				GCC_WARN_UNDECLARED_SELECTOR = YES;
				GCC_WARN_UNINITIALIZED_AUTOS = YES_AGGRESSIVE;
				GCC_WARN_UNUSED_FUNCTION = YES;
				GCC_WARN_UNUSED_VARIABLE = YES;
				IPHONEOS_DEPLOYMENT_TARGET = 12.4;
				MTL_ENABLE_DEBUG_INFO = INCLUDE_SOURCE;
				MTL_FAST_MATH = YES;
				ONLY_ACTIVE_ARCH = YES;
				SDKROOT = iphoneos;
				SWIFT_ACTIVE_COMPILATION_CONDITIONS = DEBUG;
				SWIFT_OPTIMIZATION_LEVEL = "-Onone";
			};
			name = Debug;
		};
		9C86CE872364FAE70052EEEE /* Release */ = {
			isa = XCBuildConfiguration;
			buildSettings = {
				ALWAYS_SEARCH_USER_PATHS = NO;
				CLANG_ANALYZER_NONNULL = YES;
				CLANG_ANALYZER_NUMBER_OBJECT_CONVERSION = YES_AGGRESSIVE;
				CLANG_CXX_LANGUAGE_STANDARD = "gnu++14";
				CLANG_CXX_LIBRARY = "libc++";
				CLANG_ENABLE_MODULES = YES;
				CLANG_ENABLE_OBJC_ARC = YES;
				CLANG_ENABLE_OBJC_WEAK = YES;
				CLANG_WARN_BLOCK_CAPTURE_AUTORELEASING = YES;
				CLANG_WARN_BOOL_CONVERSION = YES;
				CLANG_WARN_COMMA = YES;
				CLANG_WARN_CONSTANT_CONVERSION = YES;
				CLANG_WARN_DEPRECATED_OBJC_IMPLEMENTATIONS = YES;
				CLANG_WARN_DIRECT_OBJC_ISA_USAGE = YES_ERROR;
				CLANG_WARN_DOCUMENTATION_COMMENTS = YES;
				CLANG_WARN_EMPTY_BODY = YES;
				CLANG_WARN_ENUM_CONVERSION = YES;
				CLANG_WARN_INFINITE_RECURSION = YES;
				CLANG_WARN_INT_CONVERSION = YES;
				CLANG_WARN_NON_LITERAL_NULL_CONVERSION = YES;
				CLANG_WARN_OBJC_IMPLICIT_RETAIN_SELF = YES;
				CLANG_WARN_OBJC_LITERAL_CONVERSION = YES;
				CLANG_WARN_OBJC_ROOT_CLASS = YES_ERROR;
				CLANG_WARN_RANGE_LOOP_ANALYSIS = YES;
				CLANG_WARN_STRICT_PROTOTYPES = YES;
				CLANG_WARN_SUSPICIOUS_MOVE = YES;
				CLANG_WARN_UNGUARDED_AVAILABILITY = YES_AGGRESSIVE;
				CLANG_WARN_UNREACHABLE_CODE = YES;
				CLANG_WARN__DUPLICATE_METHOD_MATCH = YES;
				COPY_PHASE_STRIP = NO;
				DEBUG_INFORMATION_FORMAT = "dwarf-with-dsym";
				ENABLE_NS_ASSERTIONS = NO;
				ENABLE_STRICT_OBJC_MSGSEND = YES;
				GCC_C_LANGUAGE_STANDARD = gnu11;
				GCC_NO_COMMON_BLOCKS = YES;
				GCC_WARN_64_TO_32_BIT_CONVERSION = YES;
				GCC_WARN_ABOUT_RETURN_TYPE = YES_ERROR;
				GCC_WARN_UNDECLARED_SELECTOR = YES;
				GCC_WARN_UNINITIALIZED_AUTOS = YES_AGGRESSIVE;
				GCC_WARN_UNUSED_FUNCTION = YES;
				GCC_WARN_UNUSED_VARIABLE = YES;
				IPHONEOS_DEPLOYMENT_TARGET = 12.4;
				MTL_ENABLE_DEBUG_INFO = NO;
				MTL_FAST_MATH = YES;
				SDKROOT = iphoneos;
				SWIFT_COMPILATION_MODE = wholemodule;
				SWIFT_OPTIMIZATION_LEVEL = "-O";
				VALIDATE_PRODUCT = YES;
			};
			name = Release;
		};
		9C86CE892364FAE70052EEEE /* Debug */ = {
			isa = XCBuildConfiguration;
			baseConfigurationReference = 1244563374D4783005049962 /* Pods-HLTH.debug.xcconfig */;
			buildSettings = {
				ASSETCATALOG_COMPILER_APPICON_NAME = AppIcon;
				CODE_SIGN_STYLE = Automatic;
				DEVELOPMENT_TEAM = 2J288MX8BX;
				INFOPLIST_FILE = HLTH/Info.plist;
				LD_RUNPATH_SEARCH_PATHS = (
					"$(inherited)",
					"@executable_path/Frameworks",
				);
				PRODUCT_BUNDLE_IDENTIFIER = DreamTeam.HLTH2019;
				PRODUCT_NAME = "$(TARGET_NAME)";
				SWIFT_VERSION = 5.0;
				TARGETED_DEVICE_FAMILY = 1;
			};
			name = Debug;
		};
		9C86CE8A2364FAE70052EEEE /* Release */ = {
			isa = XCBuildConfiguration;
			baseConfigurationReference = D6210942DD03506327F6BEDB /* Pods-HLTH.release.xcconfig */;
			buildSettings = {
				ASSETCATALOG_COMPILER_APPICON_NAME = AppIcon;
				CODE_SIGN_STYLE = Automatic;
				DEVELOPMENT_TEAM = 2J288MX8BX;
				INFOPLIST_FILE = HLTH/Info.plist;
				LD_RUNPATH_SEARCH_PATHS = (
					"$(inherited)",
					"@executable_path/Frameworks",
				);
				PRODUCT_BUNDLE_IDENTIFIER = DreamTeam.HLTH2019;
				PRODUCT_NAME = "$(TARGET_NAME)";
				SWIFT_VERSION = 5.0;
				TARGETED_DEVICE_FAMILY = 1;
			};
			name = Release;
		};
		9C86CE8C2364FAE70052EEEE /* Debug */ = {
			isa = XCBuildConfiguration;
			buildSettings = {
				ALWAYS_EMBED_SWIFT_STANDARD_LIBRARIES = YES;
				BUNDLE_LOADER = "$(TEST_HOST)";
				CODE_SIGN_STYLE = Automatic;
				INFOPLIST_FILE = HLTHTests/Info.plist;
				IPHONEOS_DEPLOYMENT_TARGET = 13.1;
				LD_RUNPATH_SEARCH_PATHS = (
					"$(inherited)",
					"@executable_path/Frameworks",
					"@loader_path/Frameworks",
				);
				PRODUCT_BUNDLE_IDENTIFIER = DreamTeam.HLTHTests;
				PRODUCT_NAME = "$(TARGET_NAME)";
				SWIFT_VERSION = 5.0;
				TARGETED_DEVICE_FAMILY = "1,2";
				TEST_HOST = "$(BUILT_PRODUCTS_DIR)/HLTH.app/HLTH";
			};
			name = Debug;
		};
		9C86CE8D2364FAE70052EEEE /* Release */ = {
			isa = XCBuildConfiguration;
			buildSettings = {
				ALWAYS_EMBED_SWIFT_STANDARD_LIBRARIES = YES;
				BUNDLE_LOADER = "$(TEST_HOST)";
				CODE_SIGN_STYLE = Automatic;
				INFOPLIST_FILE = HLTHTests/Info.plist;
				IPHONEOS_DEPLOYMENT_TARGET = 13.1;
				LD_RUNPATH_SEARCH_PATHS = (
					"$(inherited)",
					"@executable_path/Frameworks",
					"@loader_path/Frameworks",
				);
				PRODUCT_BUNDLE_IDENTIFIER = DreamTeam.HLTHTests;
				PRODUCT_NAME = "$(TARGET_NAME)";
				SWIFT_VERSION = 5.0;
				TARGETED_DEVICE_FAMILY = "1,2";
				TEST_HOST = "$(BUILT_PRODUCTS_DIR)/HLTH.app/HLTH";
			};
			name = Release;
		};
		9C86CE8F2364FAE70052EEEE /* Debug */ = {
			isa = XCBuildConfiguration;
			buildSettings = {
				ALWAYS_EMBED_SWIFT_STANDARD_LIBRARIES = YES;
				CODE_SIGN_STYLE = Automatic;
				INFOPLIST_FILE = HLTHUITests/Info.plist;
				LD_RUNPATH_SEARCH_PATHS = (
					"$(inherited)",
					"@executable_path/Frameworks",
					"@loader_path/Frameworks",
				);
				PRODUCT_BUNDLE_IDENTIFIER = DreamTeam.HLTHUITests;
				PRODUCT_NAME = "$(TARGET_NAME)";
				SWIFT_VERSION = 5.0;
				TARGETED_DEVICE_FAMILY = "1,2";
				TEST_TARGET_NAME = HLTH;
			};
			name = Debug;
		};
		9C86CE902364FAE70052EEEE /* Release */ = {
			isa = XCBuildConfiguration;
			buildSettings = {
				ALWAYS_EMBED_SWIFT_STANDARD_LIBRARIES = YES;
				CODE_SIGN_STYLE = Automatic;
				INFOPLIST_FILE = HLTHUITests/Info.plist;
				LD_RUNPATH_SEARCH_PATHS = (
					"$(inherited)",
					"@executable_path/Frameworks",
					"@loader_path/Frameworks",
				);
				PRODUCT_BUNDLE_IDENTIFIER = DreamTeam.HLTHUITests;
				PRODUCT_NAME = "$(TARGET_NAME)";
				SWIFT_VERSION = 5.0;
				TARGETED_DEVICE_FAMILY = "1,2";
				TEST_TARGET_NAME = HLTH;
			};
			name = Release;
		};
/* End XCBuildConfiguration section */

/* Begin XCConfigurationList section */
		9C86CE562364FAE20052EEEE /* Build configuration list for PBXProject "HLTH" */ = {
			isa = XCConfigurationList;
			buildConfigurations = (
				9C86CE862364FAE70052EEEE /* Debug */,
				9C86CE872364FAE70052EEEE /* Release */,
			);
			defaultConfigurationIsVisible = 0;
			defaultConfigurationName = Release;
		};
		9C86CE882364FAE70052EEEE /* Build configuration list for PBXNativeTarget "HLTH" */ = {
			isa = XCConfigurationList;
			buildConfigurations = (
				9C86CE892364FAE70052EEEE /* Debug */,
				9C86CE8A2364FAE70052EEEE /* Release */,
			);
			defaultConfigurationIsVisible = 0;
			defaultConfigurationName = Release;
		};
		9C86CE8B2364FAE70052EEEE /* Build configuration list for PBXNativeTarget "HLTHTests" */ = {
			isa = XCConfigurationList;
			buildConfigurations = (
				9C86CE8C2364FAE70052EEEE /* Debug */,
				9C86CE8D2364FAE70052EEEE /* Release */,
			);
			defaultConfigurationIsVisible = 0;
			defaultConfigurationName = Release;
		};
		9C86CE8E2364FAE70052EEEE /* Build configuration list for PBXNativeTarget "HLTHUITests" */ = {
			isa = XCConfigurationList;
			buildConfigurations = (
				9C86CE8F2364FAE70052EEEE /* Debug */,
				9C86CE902364FAE70052EEEE /* Release */,
			);
			defaultConfigurationIsVisible = 0;
			defaultConfigurationName = Release;
		};
/* End XCConfigurationList section */

/* Begin XCVersionGroup section */
		9C86CE672364FAE20052EEEE /* HLTH.xcdatamodeld */ = {
			isa = XCVersionGroup;
			children = (
				9C86CE682364FAE20052EEEE /* HLTH.xcdatamodel */,
			);
			currentVersion = 9C86CE682364FAE20052EEEE /* HLTH.xcdatamodel */;
			path = HLTH.xcdatamodeld;
			sourceTree = "<group>";
			versionGroupType = wrapper.xcdatamodel;
		};
/* End XCVersionGroup section */
	};
	rootObject = 9C86CE532364FAE20052EEEE /* Project object */;
}
